
Microsoft Visual Studio Solution File, Format Version 12.00
# Visual Studio Version 16
VisualStudioVersion = 16.0.29613.14
MinimumVisualStudioVersion = 10.0.40219.1
Project("{FAE04EC0-301F-11D3-BF4B-00C04F79EFBC}") = "sudoku", "sudoku\sudoku.csproj", "{DAE2D79D-16F3-45A8-86B2-FAED2A3B6D8C}"
EndProject
Global
	GlobalSection(SolutionConfigurationPlatforms) = preSolution
		Debug|Any CPU = Debug|Any CPU
		Release|Any CPU = Release|Any CPU
	EndGlobalSection
	GlobalSection(ProjectConfigurationPlatforms) = postSolution
		{DAE2D79D-16F3-45A8-86B2-FAED2A3B6D8C}.Debug|Any CPU.ActiveCfg = Debug|Any CPU
		{DAE2D79D-16F3-45A8-86B2-FAED2A3B6D8C}.Debug|Any CPU.Build.0 = Debug|Any CPU
		{DAE2D79D-16F3-45A8-86B2-FAED2A3B6D8C}.Release|Any CPU.ActiveCfg = Release|Any CPU
		{DAE2D79D-16F3-45A8-86B2-FAED2A3B6D8C}.Release|Any CPU.Build.0 = Release|Any CPU
	EndGlobalSection
	GlobalSection(SolutionProperties) = preSolution
		HideSolutionNode = FALSE
	EndGlobalSection
	GlobalSection(ExtensibilityGlobals) = postSolution
		SolutionGuid = {A9A13E0A-8BED-47A4-BF88-B42E02C5DD2D}
	EndGlobalSection
EndGlobal
